
Microsoft Visual Studio Solution File, Format Version 12.00
# Visual Studio Version 17
VisualStudioVersion = 17.9.34728.123
MinimumVisualStudioVersion = 10.0.40219.1
Project("{FAE04EC0-301F-11D3-BF4B-00C04F79EFBC}") = "LomaPro", "LomaPro.csproj", "{8AEE152E-12D8-45A9-BC5F-BDA1DAEF1E61}"
EndProject
Global
	GlobalSection(SolutionConfigurationPlatforms) = preSolution
		Debug|Any CPU = Debug|Any CPU
		Release|Any CPU = Release|Any CPU
	EndGlobalSection
	GlobalSection(ProjectConfigurationPlatforms) = postSolution
		{8AEE152E-12D8-45A9-BC5F-BDA1DAEF1E61}.Debug|Any CPU.ActiveCfg = Debug|Any CPU
		{8AEE152E-12D8-45A9-BC5F-BDA1DAEF1E61}.Debug|Any CPU.Build.0 = Debug|Any CPU
		{8AEE152E-12D8-45A9-BC5F-BDA1DAEF1E61}.Debug|Any CPU.Deploy.0 = Debug|Any CPU
		{8AEE152E-12D8-45A9-BC5F-BDA1DAEF1E61}.Release|Any CPU.ActiveCfg = Release|Any CPU
		{8AEE152E-12D8-45A9-BC5F-BDA1DAEF1E61}.Release|Any CPU.Build.0 = Release|Any CPU
		{8AEE152E-12D8-45A9-BC5F-BDA1DAEF1E61}.Release|Any CPU.Deploy.0 = Release|Any CPU
	EndGlobalSection
	GlobalSection(SolutionProperties) = preSolution
		HideSolutionNode = FALSE
	EndGlobalSection
	GlobalSection(ExtensibilityGlobals) = postSolution
		SolutionGuid = {8A00EC3C-A6D5-475C-BA5B-95C7D13EE861}
	EndGlobalSection
EndGlobal
